
Microsoft Visual Studio Solution File, Format Version 12.00
# Visual Studio Version 17
VisualStudioVersion = 17.1.32421.90
MinimumVisualStudioVersion = 10.0.40219.1
Project("{FAE04EC0-301F-11D3-BF4B-00C04F79EFBC}") = "CGS_windows", "CGS_windows.csproj", "{BC0B81E3-F70B-45A9-8E5C-50BF2B18EB94}"
EndProject
Global
	GlobalSection(SolutionConfigurationPlatforms) = preSolution
		Debug|Any CPU = Debug|Any CPU
		Release|Any CPU = Release|Any CPU
	EndGlobalSection
	GlobalSection(ProjectConfigurationPlatforms) = postSolution
		{BC0B81E3-F70B-45A9-8E5C-50BF2B18EB94}.Debug|Any CPU.ActiveCfg = Debug|Any CPU
		{BC0B81E3-F70B-45A9-8E5C-50BF2B18EB94}.Debug|Any CPU.Build.0 = Debug|Any CPU
		{BC0B81E3-F70B-45A9-8E5C-50BF2B18EB94}.Release|Any CPU.ActiveCfg = Release|Any CPU
		{BC0B81E3-F70B-45A9-8E5C-50BF2B18EB94}.Release|Any CPU.Build.0 = Release|Any CPU
	EndGlobalSection
	GlobalSection(SolutionProperties) = preSolution
		HideSolutionNode = FALSE
	EndGlobalSection
	GlobalSection(ExtensibilityGlobals) = postSolution
		SolutionGuid = {D41FF1F1-DECF-4806-8C7B-B0AD62D0E6EA}
	EndGlobalSection
EndGlobal
